
Microsoft Visual Studio Solution File, Format Version 12.00
# Visual Studio 2013
Project("{FAE04EC0-301F-11D3-BF4B-00C04F79EFBC}") = "hzmjClientV1.CSharp.Plugins", "hzmjClientV1.CSharp.Plugins.csproj", "{22F18172-758C-F05C-D61D-22364A2AA789}"
EndProject
Project("{FAE04EC0-301F-11D3-BF4B-00C04F79EFBC}") = "hzmjClientV1.CSharp", "hzmjClientV1.CSharp.csproj", "{9734E9F2-68A6-CF86-1492-EC2626551133}"
EndProject
Project("{FAE04EC0-301F-11D3-BF4B-00C04F79EFBC}") = "hzmjClientV1.CSharp.Editor", "hzmjClientV1.CSharp.Editor.csproj", "{D8C248D9-D3DE-A356-480B-9E68AF20D365}"
EndProject
Global
	GlobalSection(SolutionConfigurationPlatforms) = preSolution
		Debug|Any CPU = Debug|Any CPU
		Release|Any CPU = Release|Any CPU
	EndGlobalSection
	GlobalSection(ProjectConfigurationPlatforms) = postSolution
		{22F18172-758C-F05C-D61D-22364A2AA789}.Debug|Any CPU.ActiveCfg = Debug|Any CPU
		{22F18172-758C-F05C-D61D-22364A2AA789}.Debug|Any CPU.Build.0 = Debug|Any CPU
		{22F18172-758C-F05C-D61D-22364A2AA789}.Release|Any CPU.ActiveCfg = Release|Any CPU
		{22F18172-758C-F05C-D61D-22364A2AA789}.Release|Any CPU.Build.0 = Release|Any CPU
		{9734E9F2-68A6-CF86-1492-EC2626551133}.Debug|Any CPU.ActiveCfg = Debug|Any CPU
		{9734E9F2-68A6-CF86-1492-EC2626551133}.Debug|Any CPU.Build.0 = Debug|Any CPU
		{9734E9F2-68A6-CF86-1492-EC2626551133}.Release|Any CPU.ActiveCfg = Release|Any CPU
		{9734E9F2-68A6-CF86-1492-EC2626551133}.Release|Any CPU.Build.0 = Release|Any CPU
		{D8C248D9-D3DE-A356-480B-9E68AF20D365}.Debug|Any CPU.ActiveCfg = Debug|Any CPU
		{D8C248D9-D3DE-A356-480B-9E68AF20D365}.Debug|Any CPU.Build.0 = Debug|Any CPU
		{D8C248D9-D3DE-A356-480B-9E68AF20D365}.Release|Any CPU.ActiveCfg = Release|Any CPU
		{D8C248D9-D3DE-A356-480B-9E68AF20D365}.Release|Any CPU.Build.0 = Release|Any CPU
	EndGlobalSection
	GlobalSection(SolutionProperties) = preSolution
		HideSolutionNode = FALSE
	EndGlobalSection
EndGlobal
